
Microsoft Visual Studio Solution File, Format Version 12.00
# Visual Studio Version 16
VisualStudioVersion = 16.0.31321.278
MinimumVisualStudioVersion = 10.0.40219.1
Project("{FAE04EC0-301F-11D3-BF4B-00C04F79EFBC}") = "JenkinsApp1", "JenkinsApp1\JenkinsApp1.csproj", "{2D4A15A1-85E9-49D2-8744-59763B33EE5E}"
EndProject
Global
	GlobalSection(SolutionConfigurationPlatforms) = preSolution
		Debug|Any CPU = Debug|Any CPU
		Release|Any CPU = Release|Any CPU
	EndGlobalSection
	GlobalSection(ProjectConfigurationPlatforms) = postSolution
		{2D4A15A1-85E9-49D2-8744-59763B33EE5E}.Debug|Any CPU.ActiveCfg = Debug|Any CPU
		{2D4A15A1-85E9-49D2-8744-59763B33EE5E}.Debug|Any CPU.Build.0 = Debug|Any CPU
		{2D4A15A1-85E9-49D2-8744-59763B33EE5E}.Release|Any CPU.ActiveCfg = Release|Any CPU
		{2D4A15A1-85E9-49D2-8744-59763B33EE5E}.Release|Any CPU.Build.0 = Release|Any CPU
	EndGlobalSection
	GlobalSection(SolutionProperties) = preSolution
		HideSolutionNode = FALSE
	EndGlobalSection
	GlobalSection(ExtensibilityGlobals) = postSolution
		SolutionGuid = {878BB84D-B674-410A-8967-768DD31A8394}
	EndGlobalSection
EndGlobal
